
Microsoft Visual Studio Solution File, Format Version 12.00
# Visual Studio Version 17
VisualStudioVersion = 17.1.32228.430
MinimumVisualStudioVersion = 10.0.40219.1
Project("{FAE04EC0-301F-11D3-BF4B-00C04F79EFBC}") = "AtividadeDois", "AtividadeDois\AtividadeDois.csproj", "{29CB1C86-AA60-42CF-AE37-343B36173809}"
EndProject
Project("{FAE04EC0-301F-11D3-BF4B-00C04F79EFBC}") = "AtividadeQuatro", "AtividadeQuatro\AtividadeQuatro.csproj", "{AA4D2D05-0BE2-4F2D-B950-3D10A0C4556B}"
EndProject
Project("{FAE04EC0-301F-11D3-BF4B-00C04F79EFBC}") = "AtividadeTres", "AtividadeTres\AtividadeTres.csproj", "{13F0E3D7-F69B-457F-B5B4-B48A21CB540C}"
EndProject
Project("{FAE04EC0-301F-11D3-BF4B-00C04F79EFBC}") = "AtividadeUm", "AtividadeUm\AtividadeUm.csproj", "{2C094EF0-4A82-477E-8622-10EEE7E043BD}"
EndProject
Global
	GlobalSection(SolutionConfigurationPlatforms) = preSolution
		Debug|Any CPU = Debug|Any CPU
		Release|Any CPU = Release|Any CPU
	EndGlobalSection
	GlobalSection(ProjectConfigurationPlatforms) = postSolution
		{29CB1C86-AA60-42CF-AE37-343B36173809}.Debug|Any CPU.ActiveCfg = Debug|Any CPU
		{29CB1C86-AA60-42CF-AE37-343B36173809}.Debug|Any CPU.Build.0 = Debug|Any CPU
		{29CB1C86-AA60-42CF-AE37-343B36173809}.Release|Any CPU.ActiveCfg = Release|Any CPU
		{29CB1C86-AA60-42CF-AE37-343B36173809}.Release|Any CPU.Build.0 = Release|Any CPU
		{AA4D2D05-0BE2-4F2D-B950-3D10A0C4556B}.Debug|Any CPU.ActiveCfg = Debug|Any CPU
		{AA4D2D05-0BE2-4F2D-B950-3D10A0C4556B}.Debug|Any CPU.Build.0 = Debug|Any CPU
		{AA4D2D05-0BE2-4F2D-B950-3D10A0C4556B}.Release|Any CPU.ActiveCfg = Release|Any CPU
		{AA4D2D05-0BE2-4F2D-B950-3D10A0C4556B}.Release|Any CPU.Build.0 = Release|Any CPU
		{13F0E3D7-F69B-457F-B5B4-B48A21CB540C}.Debug|Any CPU.ActiveCfg = Debug|Any CPU
		{13F0E3D7-F69B-457F-B5B4-B48A21CB540C}.Debug|Any CPU.Build.0 = Debug|Any CPU
		{13F0E3D7-F69B-457F-B5B4-B48A21CB540C}.Release|Any CPU.ActiveCfg = Release|Any CPU
		{13F0E3D7-F69B-457F-B5B4-B48A21CB540C}.Release|Any CPU.Build.0 = Release|Any CPU
		{2C094EF0-4A82-477E-8622-10EEE7E043BD}.Debug|Any CPU.ActiveCfg = Debug|Any CPU
		{2C094EF0-4A82-477E-8622-10EEE7E043BD}.Debug|Any CPU.Build.0 = Debug|Any CPU
		{2C094EF0-4A82-477E-8622-10EEE7E043BD}.Release|Any CPU.ActiveCfg = Release|Any CPU
		{2C094EF0-4A82-477E-8622-10EEE7E043BD}.Release|Any CPU.Build.0 = Release|Any CPU
	EndGlobalSection
	GlobalSection(SolutionProperties) = preSolution
		HideSolutionNode = FALSE
	EndGlobalSection
	GlobalSection(ExtensibilityGlobals) = postSolution
		SolutionGuid = {D3AE3F21-CE22-4130-82C0-D1CF1BDC0FA9}
	EndGlobalSection
EndGlobal
